
Microsoft Visual Studio Solution File, Format Version 11.00
# Visual Studio 2010
Project("{FAE04EC0-301F-11D3-BF4B-00C04F79EFBC}") = "Assembly-CSharp", "Assembly-CSharp.csproj", "{cb4af579-4e8a-007b-1cc3-43728882cb3d}"
EndProject
Project("{FAE04EC0-301F-11D3-BF4B-00C04F79EFBC}") = "Unity.XR.Management.Samples", "Unity.XR.Management.Samples.csproj", "{a615ac28-a9f6-4862-5021-bdc92b679952}"
EndProject
Project("{FAE04EC0-301F-11D3-BF4B-00C04F79EFBC}") = "Unity.XR.Management.Samples.Editor", "Unity.XR.Management.Samples.Editor.csproj", "{6b3b965c-3989-7e02-f0bd-011f5b01b3dc}"
EndProject
Global
	GlobalSection(SolutionConfigurationPlatforms) = preSolution
		Debug|Any CPU = Debug|Any CPU
	EndGlobalSection
	GlobalSection(ProjectConfigurationPlatforms) = postSolution
		{cb4af579-4e8a-007b-1cc3-43728882cb3d}.Debug|Any CPU.ActiveCfg = Debug|Any CPU
		{cb4af579-4e8a-007b-1cc3-43728882cb3d}.Debug|Any CPU.Build.0 = Debug|Any CPU
		{a615ac28-a9f6-4862-5021-bdc92b679952}.Debug|Any CPU.ActiveCfg = Debug|Any CPU
		{a615ac28-a9f6-4862-5021-bdc92b679952}.Debug|Any CPU.Build.0 = Debug|Any CPU
		{6b3b965c-3989-7e02-f0bd-011f5b01b3dc}.Debug|Any CPU.ActiveCfg = Debug|Any CPU
		{6b3b965c-3989-7e02-f0bd-011f5b01b3dc}.Debug|Any CPU.Build.0 = Debug|Any CPU
	EndGlobalSection
	GlobalSection(SolutionProperties) = preSolution
		HideSolutionNode = FALSE
	EndGlobalSection
EndGlobal
